// !$*UTF8*$!
{
	archiveVersion = 1;
	classes = {
	};
	objectVersion = 46;
	objects = {

/* Begin PBXFileReference section */
		730DC5BA1644DEDB00D58056 /* bargraph.c */ = {isa = PBXFileReference; fileEncoding = 4; lastKnownFileType = sourcecode.c.c; path = bargraph.c; sourceTree = "<group>"; };
		730DC5BB1644DEDB00D58056 /* bargraph.h */ = {isa = PBXFileReference; fileEncoding = 4; lastKnownFileType = sourcecode.c.h; path = bargraph.h; sourceTree = "<group>"; };
		730DC5BC1644DEDB00D58056 /* follow-segment.c */ = {isa = PBXFileReference; fileEncoding = 4; lastKnownFileType = sourcecode.c.c; path = "follow-segment.c"; sourceTree = "<group>"; };
		730DC5BD1644DEDB00D58056 /* follow-segment.h */ = {isa = PBXFileReference; fileEncoding = 4; lastKnownFileType = sourcecode.c.h; path = "follow-segment.h"; sourceTree = "<group>"; };
		730DC5BE1644DEDB00D58056 /* main.c */ = {isa = PBXFileReference; fileEncoding = 4; lastKnownFileType = sourcecode.c.c; path = main.c; sourceTree = "<group>"; };
		730DC5BF1644DEDB00D58056 /* Makefile */ = {isa = PBXFileReference; fileEncoding = 4; lastKnownFileType = sourcecode.make; path = Makefile; sourceTree = "<group>"; };
		730DC5C01644DEDB00D58056 /* maze-solve.c */ = {isa = PBXFileReference; fileEncoding = 4; lastKnownFileType = sourcecode.c.c; path = "maze-solve.c"; sourceTree = "<group>"; };
		730DC5C11644DEDB00D58056 /* maze-solve.h */ = {isa = PBXFileReference; fileEncoding = 4; lastKnownFileType = sourcecode.c.h; path = "maze-solve.h"; sourceTree = "<group>"; };
		730DC5C21644DEDB00D58056 /* turn.c */ = {isa = PBXFileReference; fileEncoding = 4; lastKnownFileType = sourcecode.c.c; path = turn.c; sourceTree = "<group>"; };
		730DC5C31644DEDB00D58056 /* turn.h */ = {isa = PBXFileReference; fileEncoding = 4; lastKnownFileType = sourcecode.c.h; path = turn.h; sourceTree = "<group>"; };
		730DC5D11645765300D58056 /* alloca.h */ = {isa = PBXFileReference; fileEncoding = 4; lastKnownFileType = sourcecode.c.h; path = alloca.h; sourceTree = "<group>"; };
		730DC5D21645765300D58056 /* assert.h */ = {isa = PBXFileReference; fileEncoding = 4; lastKnownFileType = sourcecode.c.h; path = assert.h; sourceTree = "<group>"; };
		730DC5D41645765300D58056 /* boot.h */ = {isa = PBXFileReference; fileEncoding = 4; lastKnownFileType = sourcecode.c.h; path = boot.h; sourceTree = "<group>"; };
		730DC5D51645765300D58056 /* builtins.h */ = {isa = PBXFileReference; fileEncoding = 4; lastKnownFileType = sourcecode.c.h; path = builtins.h; sourceTree = "<group>"; };
		730DC5D61645765300D58056 /* common.h */ = {isa = PBXFileReference; fileEncoding = 4; lastKnownFileType = sourcecode.c.h; path = common.h; sourceTree = "<group>"; };
		730DC5D71645765300D58056 /* cpufunc.h */ = {isa = PBXFileReference; fileEncoding = 4; lastKnownFileType = sourcecode.c.h; path = cpufunc.h; sourceTree = "<group>"; };
		730DC5D81645765300D58056 /* crc16.h */ = {isa = PBXFileReference; fileEncoding = 4; lastKnownFileType = sourcecode.c.h; path = crc16.h; sourceTree = "<group>"; };
		730DC5D91645765300D58056 /* delay.h */ = {isa = PBXFileReference; fileEncoding = 4; lastKnownFileType = sourcecode.c.h; path = delay.h; sourceTree = "<group>"; };
		730DC5DA1645765300D58056 /* eeprom.h */ = {isa = PBXFileReference; fileEncoding = 4; lastKnownFileType = sourcecode.c.h; path = eeprom.h; sourceTree = "<group>"; };
		730DC5DB1645765300D58056 /* fuse.h */ = {isa = PBXFileReference; fileEncoding = 4; lastKnownFileType = sourcecode.c.h; path = fuse.h; sourceTree = "<group>"; };
		730DC5DC1645765300D58056 /* interrupt.h */ = {isa = PBXFileReference; fileEncoding = 4; lastKnownFileType = sourcecode.c.h; path = interrupt.h; sourceTree = "<group>"; };
		730DC5DD1645765300D58056 /* io.h */ = {isa = PBXFileReference; fileEncoding = 4; lastKnownFileType = sourcecode.c.h; path = io.h; sourceTree = "<group>"; };
		730DC5DE1645765300D58056 /* io1200.h */ = {isa = PBXFileReference; fileEncoding = 4; lastKnownFileType = sourcecode.c.h; path = io1200.h; sourceTree = "<group>"; };
		730DC5DF1645765300D58056 /* io2313.h */ = {isa = PBXFileReference; fileEncoding = 4; lastKnownFileType = sourcecode.c.h; path = io2313.h; sourceTree = "<group>"; };
		730DC5E01645765300D58056 /* io2323.h */ = {isa = PBXFileReference; fileEncoding = 4; lastKnownFileType = sourcecode.c.h; path = io2323.h; sourceTree = "<group>"; };
		730DC5E11645765300D58056 /* io2333.h */ = {isa = PBXFileReference; fileEncoding = 4; lastKnownFileType = sourcecode.c.h; path = io2333.h; sourceTree = "<group>"; };
		730DC5E21645765300D58056 /* io2343.h */ = {isa = PBXFileReference; fileEncoding = 4; lastKnownFileType = sourcecode.c.h; path = io2343.h; sourceTree = "<group>"; };
		730DC5E31645765300D58056 /* io43u32x.h */ = {isa = PBXFileReference; fileEncoding = 4; lastKnownFileType = sourcecode.c.h; path = io43u32x.h; sourceTree = "<group>"; };
		730DC5E41645765300D58056 /* io43u35x.h */ = {isa = PBXFileReference; fileEncoding = 4; lastKnownFileType = sourcecode.c.h; path = io43u35x.h; sourceTree = "<group>"; };
		730DC5E51645765300D58056 /* io4414.h */ = {isa = PBXFileReference; fileEncoding = 4; lastKnownFileType = sourcecode.c.h; path = io4414.h; sourceTree = "<group>"; };
		730DC5E61645765300D58056 /* io4433.h */ = {isa = PBXFileReference; fileEncoding = 4; lastKnownFileType = sourcecode.c.h; path = io4433.h; sourceTree = "<group>"; };
		730DC5E71645765300D58056 /* io4434.h */ = {isa = PBXFileReference; fileEncoding = 4; lastKnownFileType = sourcecode.c.h; path = io4434.h; sourceTree = "<group>"; };
		730DC5E81645765300D58056 /* io76c711.h */ = {isa = PBXFileReference; fileEncoding = 4; lastKnownFileType = sourcecode.c.h; path = io76c711.h; sourceTree = "<group>"; };
		730DC5E91645765300D58056 /* io8515.h */ = {isa = PBXFileReference; fileEncoding = 4; lastKnownFileType = sourcecode.c.h; path = io8515.h; sourceTree = "<group>"; };
		730DC5EA1645765300D58056 /* io8534.h */ = {isa = PBXFileReference; fileEncoding = 4; lastKnownFileType = sourcecode.c.h; path = io8534.h; sourceTree = "<group>"; };
		730DC5EB1645765300D58056 /* io8535.h */ = {isa = PBXFileReference; fileEncoding = 4; lastKnownFileType = sourcecode.c.h; path = io8535.h; sourceTree = "<group>"; };
		730DC5EC1645765300D58056 /* io86r401.h */ = {isa = PBXFileReference; fileEncoding = 4; lastKnownFileType = sourcecode.c.h; path = io86r401.h; sourceTree = "<group>"; };
		730DC5ED1645765300D58056 /* io90pwm1.h */ = {isa = PBXFileReference; fileEncoding = 4; lastKnownFileType = sourcecode.c.h; path = io90pwm1.h; sourceTree = "<group>"; };
		730DC5EE1645765300D58056 /* io90pwm216.h */ = {isa = PBXFileReference; fileEncoding = 4; lastKnownFileType = sourcecode.c.h; path = io90pwm216.h; sourceTree = "<group>"; };
		730DC5EF1645765300D58056 /* io90pwm2b.h */ = {isa = PBXFileReference; fileEncoding = 4; lastKnownFileType = sourcecode.c.h; path = io90pwm2b.h; sourceTree = "<group>"; };
		730DC5F01645765300D58056 /* io90pwm316.h */ = {isa = PBXFileReference; fileEncoding = 4; lastKnownFileType = sourcecode.c.h; path = io90pwm316.h; sourceTree = "<group>"; };
		730DC5F11645765300D58056 /* io90pwm3b.h */ = {isa = PBXFileReference; fileEncoding = 4; lastKnownFileType = sourcecode.c.h; path = io90pwm3b.h; sourceTree = "<group>"; };
		730DC5F21645765300D58056 /* io90pwm81.h */ = {isa = PBXFileReference; fileEncoding = 4; lastKnownFileType = sourcecode.c.h; path = io90pwm81.h; sourceTree = "<group>"; };
		730DC5F31645765300D58056 /* io90pwmx.h */ = {isa = PBXFileReference; fileEncoding = 4; lastKnownFileType = sourcecode.c.h; path = io90pwmx.h; sourceTree = "<group>"; };
		730DC5F41645765300D58056 /* io90scr100.h */ = {isa = PBXFileReference; fileEncoding = 4; lastKnownFileType = sourcecode.c.h; path = io90scr100.h; sourceTree = "<group>"; };
		730DC5F51645765300D58056 /* ioa6289.h */ = {isa = PBXFileReference; fileEncoding = 4; lastKnownFileType = sourcecode.c.h; path = ioa6289.h; sourceTree = "<group>"; };
		730DC5F61645765300D58056 /* ioat94k.h */ = {isa = PBXFileReference; fileEncoding = 4; lastKnownFileType = sourcecode.c.h; path = ioat94k.h; sourceTree = "<group>"; };
		730DC5F71645765300D58056 /* iocan128.h */ = {isa = PBXFileReference; fileEncoding = 4; lastKnownFileType = sourcecode.c.h; path = iocan128.h; sourceTree = "<group>"; };
		730DC5F81645765300D58056 /* iocan32.h */ = {isa = PBXFileReference; fileEncoding = 4; lastKnownFileType = sourcecode.c.h; path = iocan32.h; sourceTree = "<group>"; };
		730DC5F91645765300D58056 /* iocan64.h */ = {isa = PBXFileReference; fileEncoding = 4; lastKnownFileType = sourcecode.c.h; path = iocan64.h; sourceTree = "<group>"; };
		730DC5FA1645765300D58056 /* iocanxx.h */ = {isa = PBXFileReference; fileEncoding = 4; lastKnownFileType = sourcecode.c.h; path = iocanxx.h; sourceTree = "<group>"; };
		730DC5FB1645765300D58056 /* iom103.h */ = {isa = PBXFileReference; fileEncoding = 4; lastKnownFileType = sourcecode.c.h; path = iom103.h; sourceTree = "<group>"; };
		730DC5FC1645765300D58056 /* iom128.h */ = {isa = PBXFileReference; fileEncoding = 4; lastKnownFileType = sourcecode.c.h; path = iom128.h; sourceTree = "<group>"; };
		730DC5FD1645765300D58056 /* iom1280.h */ = {isa = PBXFileReference; fileEncoding = 4; lastKnownFileType = sourcecode.c.h; path = iom1280.h; sourceTree = "<group>"; };
		730DC5FE1645765300D58056 /* iom1281.h */ = {isa = PBXFileReference; fileEncoding = 4; lastKnownFileType = sourcecode.c.h; path = iom1281.h; sourceTree = "<group>"; };
		730DC5FF1645765300D58056 /* iom1284p.h */ = {isa = PBXFileReference; fileEncoding = 4; lastKnownFileType = sourcecode.c.h; path = iom1284p.h; sourceTree = "<group>"; };
		730DC6001645765300D58056 /* iom128rfa1.h */ = {isa = PBXFileReference; fileEncoding = 4; lastKnownFileType = sourcecode.c.h; path = iom128rfa1.h; sourceTree = "<group>"; };
		730DC6011645765300D58056 /* iom16.h */ = {isa = PBXFileReference; fileEncoding = 4; lastKnownFileType = sourcecode.c.h; path = iom16.h; sourceTree = "<group>"; };
		730DC6021645765300D58056 /* iom161.h */ = {isa = PBXFileReference; fileEncoding = 4; lastKnownFileType = sourcecode.c.h; path = iom161.h; sourceTree = "<group>"; };
		730DC6031645765300D58056 /* iom162.h */ = {isa = PBXFileReference; fileEncoding = 4; lastKnownFileType = sourcecode.c.h; path = iom162.h; sourceTree = "<group>"; };
		730DC6041645765300D58056 /* iom163.h */ = {isa = PBXFileReference; fileEncoding = 4; lastKnownFileType = sourcecode.c.h; path = iom163.h; sourceTree = "<group>"; };
		730DC6051645765300D58056 /* iom164.h */ = {isa = PBXFileReference; fileEncoding = 4; lastKnownFileType = sourcecode.c.h; path = iom164.h; sourceTree = "<group>"; };
		730DC6061645765300D58056 /* iom165.h */ = {isa = PBXFileReference; fileEncoding = 4; lastKnownFileType = sourcecode.c.h; path = iom165.h; sourceTree = "<group>"; };
		730DC6071645765300D58056 /* iom165p.h */ = {isa = PBXFileReference; fileEncoding = 4; lastKnownFileType = sourcecode.c.h; path = iom165p.h; sourceTree = "<group>"; };
		730DC6081645765300D58056 /* iom168.h */ = {isa = PBXFileReference; fileEncoding = 4; lastKnownFileType = sourcecode.c.h; path = iom168.h; sourceTree = "<group>"; };
		730DC6091645765300D58056 /* iom168p.h */ = {isa = PBXFileReference; fileEncoding = 4; lastKnownFileType = sourcecode.c.h; path = iom168p.h; sourceTree = "<group>"; };
		730DC60A1645765300D58056 /* iom169.h */ = {isa = PBXFileReference; fileEncoding = 4; lastKnownFileType = sourcecode.c.h; path = iom169.h; sourceTree = "<group>"; };
		730DC60B1645765300D58056 /* iom169p.h */ = {isa = PBXFileReference; fileEncoding = 4; lastKnownFileType = sourcecode.c.h; path = iom169p.h; sourceTree = "<group>"; };
		730DC60C1645765300D58056 /* iom169pa.h */ = {isa = PBXFileReference; fileEncoding = 4; lastKnownFileType = sourcecode.c.h; path = iom169pa.h; sourceTree = "<group>"; };
		730DC60D1645765300D58056 /* iom16a.h */ = {isa = PBXFileReference; fileEncoding = 4; lastKnownFileType = sourcecode.c.h; path = iom16a.h; sourceTree = "<group>"; };
		730DC60E1645765300D58056 /* iom16hva.h */ = {isa = PBXFileReference; fileEncoding = 4; lastKnownFileType = sourcecode.c.h; path = iom16hva.h; sourceTree = "<group>"; };
		730DC60F1645765300D58056 /* iom16hva2.h */ = {isa = PBXFileReference; fileEncoding = 4; lastKnownFileType = sourcecode.c.h; path = iom16hva2.h; sourceTree = "<group>"; };
		730DC6101645765300D58056 /* iom16hvb.h */ = {isa = PBXFileReference; fileEncoding = 4; lastKnownFileType = sourcecode.c.h; path = iom16hvb.h; sourceTree = "<group>"; };
		730DC6111645765300D58056 /* iom16hvbrevb.h */ = {isa = PBXFileReference; fileEncoding = 4; lastKnownFileType = sourcecode.c.h; path = iom16hvbrevb.h; sourceTree = "<group>"; };
		730DC6121645765300D58056 /* iom16m1.h */ = {isa = PBXFileReference; fileEncoding = 4; lastKnownFileType = sourcecode.c.h; path = iom16m1.h; sourceTree = "<group>"; };
		730DC6131645765300D58056 /* iom16u2.h */ = {isa = PBXFileReference; fileEncoding = 4; lastKnownFileType = sourcecode.c.h; path = iom16u2.h; sourceTree = "<group>"; };
		730DC6141645765300D58056 /* iom16u4.h */ = {isa = PBXFileReference; fileEncoding = 4; lastKnownFileType = sourcecode.c.h; path = iom16u4.h; sourceTree = "<group>"; };
		730DC6151645765300D58056 /* iom2560.h */ = {isa = PBXFileReference; fileEncoding = 4; lastKnownFileType = sourcecode.c.h; path = iom2560.h; sourceTree = "<group>"; };
		730DC6161645765300D58056 /* iom2561.h */ = {isa = PBXFileReference; fileEncoding = 4; lastKnownFileType = sourcecode.c.h; path = iom2561.h; sourceTree = "<group>"; };
		730DC6171645765300D58056 /* iom3000.h */ = {isa = PBXFileReference; fileEncoding = 4; lastKnownFileType = sourcecode.c.h; path = iom3000.h; sourceTree = "<group>"; };
		730DC6181645765300D58056 /* iom32.h */ = {isa = PBXFileReference; fileEncoding = 4; lastKnownFileType = sourcecode.c.h; path = iom32.h; sourceTree = "<group>"; };
		730DC6191645765300D58056 /* iom323.h */ = {isa = PBXFileReference; fileEncoding = 4; lastKnownFileType = sourcecode.c.h; path = iom323.h; sourceTree = "<group>"; };
		730DC61A1645765300D58056 /* iom324.h */ = {isa = PBXFileReference; fileEncoding = 4; lastKnownFileType = sourcecode.c.h; path = iom324.h; sourceTree = "<group>"; };
		730DC61B1645765300D58056 /* iom324pa.h */ = {isa = PBXFileReference; fileEncoding = 4; lastKnownFileType = sourcecode.c.h; path = iom324pa.h; sourceTree = "<group>"; };
		730DC61C1645765300D58056 /* iom325.h */ = {isa = PBXFileReference; fileEncoding = 4; lastKnownFileType = sourcecode.c.h; path = iom325.h; sourceTree = "<group>"; };
		730DC61D1645765300D58056 /* iom3250.h */ = {isa = PBXFileReference; fileEncoding = 4; lastKnownFileType = sourcecode.c.h; path = iom3250.h; sourceTree = "<group>"; };
		730DC61E1645765300D58056 /* iom328p.h */ = {isa = PBXFileReference; fileEncoding = 4; lastKnownFileType = sourcecode.c.h; path = iom328p.h; sourceTree = "<group>"; };
		730DC61F1645765300D58056 /* iom329.h */ = {isa = PBXFileReference; fileEncoding = 4; lastKnownFileType = sourcecode.c.h; path = iom329.h; sourceTree = "<group>"; };
		730DC6201645765300D58056 /* iom3290.h */ = {isa = PBXFileReference; fileEncoding = 4; lastKnownFileType = sourcecode.c.h; path = iom3290.h; sourceTree = "<group>"; };
		730DC6211645765300D58056 /* iom32c1.h */ = {isa = PBXFileReference; fileEncoding = 4; lastKnownFileType = sourcecode.c.h; path = iom32c1.h; sourceTree = "<group>"; };
		730DC6221645765300D58056 /* iom32hvb.h */ = {isa = PBXFileReference; fileEncoding = 4; lastKnownFileType = sourcecode.c.h; path = iom32hvb.h; sourceTree = "<group>"; };
		730DC6231645765300D58056 /* iom32hvbrevb.h */ = {isa = PBXFileReference; fileEncoding = 4; lastKnownFileType = sourcecode.c.h; path = iom32hvbrevb.h; sourceTree = "<group>"; };
		730DC6241645765300D58056 /* iom32m1.h */ = {isa = PBXFileReference; fileEncoding = 4; lastKnownFileType = sourcecode.c.h; path = iom32m1.h; sourceTree = "<group>"; };
		730DC6251645765300D58056 /* iom32u2.h */ = {isa = PBXFileReference; fileEncoding = 4; lastKnownFileType = sourcecode.c.h; path = iom32u2.h; sourceTree = "<group>"; };
		730DC6261645765300D58056 /* iom32u4.h */ = {isa = PBXFileReference; fileEncoding = 4; lastKnownFileType = sourcecode.c.h; path = iom32u4.h; sourceTree = "<group>"; };
		730DC6271645765300D58056 /* iom32u6.h */ = {isa = PBXFileReference; fileEncoding = 4; lastKnownFileType = sourcecode.c.h; path = iom32u6.h; sourceTree = "<group>"; };
		730DC6281645765300D58056 /* iom406.h */ = {isa = PBXFileReference; fileEncoding = 4; lastKnownFileType = sourcecode.c.h; path = iom406.h; sourceTree = "<group>"; };
		730DC6291645765300D58056 /* iom48.h */ = {isa = PBXFileReference; fileEncoding = 4; lastKnownFileType = sourcecode.c.h; path = iom48.h; sourceTree = "<group>"; };
		730DC62A1645765300D58056 /* iom48p.h */ = {isa = PBXFileReference; fileEncoding = 4; lastKnownFileType = sourcecode.c.h; path = iom48p.h; sourceTree = "<group>"; };
		730DC62B1645765300D58056 /* iom64.h */ = {isa = PBXFileReference; fileEncoding = 4; lastKnownFileType = sourcecode.c.h; path = iom64.h; sourceTree = "<group>"; };
		730DC62C1645765300D58056 /* iom640.h */ = {isa = PBXFileReference; fileEncoding = 4; lastKnownFileType = sourcecode.c.h; path = iom640.h; sourceTree = "<group>"; };
		730DC62D1645765300D58056 /* iom644.h */ = {isa = PBXFileReference; fileEncoding = 4; lastKnownFileType = sourcecode.c.h; path = iom644.h; sourceTree = "<group>"; };
		730DC62E1645765300D58056 /* iom644p.h */ = {isa = PBXFileReference; fileEncoding = 4; lastKnownFileType = sourcecode.c.h; path = iom644p.h; sourceTree = "<group>"; };
		730DC62F1645765300D58056 /* iom644pa.h */ = {isa = PBXFileReference; fileEncoding = 4; lastKnownFileType = sourcecode.c.h; path = iom644pa.h; sourceTree = "<group>"; };
		730DC6301645765300D58056 /* iom645.h */ = {isa = PBXFileReference; fileEncoding = 4; lastKnownFileType = sourcecode.c.h; path = iom645.h; sourceTree = "<group>"; };
		730DC6311645765300D58056 /* iom6450.h */ = {isa = PBXFileReference; fileEncoding = 4; lastKnownFileType = sourcecode.c.h; path = iom6450.h; sourceTree = "<group>"; };
		730DC6321645765300D58056 /* iom649.h */ = {isa = PBXFileReference; fileEncoding = 4; lastKnownFileType = sourcecode.c.h; path = iom649.h; sourceTree = "<group>"; };
		730DC6331645765300D58056 /* iom6490.h */ = {isa = PBXFileReference; fileEncoding = 4; lastKnownFileType = sourcecode.c.h; path = iom6490.h; sourceTree = "<group>"; };
		730DC6341645765300D58056 /* iom649p.h */ = {isa = PBXFileReference; fileEncoding = 4; lastKnownFileType = sourcecode.c.h; path = iom649p.h; sourceTree = "<group>"; };
		730DC6351645765300D58056 /* iom64c1.h */ = {isa = PBXFileReference; fileEncoding = 4; lastKnownFileType = sourcecode.c.h; path = iom64c1.h; sourceTree = "<group>"; };
		730DC6361645765300D58056 /* iom64hve.h */ = {isa = PBXFileReference; fileEncoding = 4; lastKnownFileType = sourcecode.c.h; path = iom64hve.h; sourceTree = "<group>"; };
		730DC6371645765300D58056 /* iom64m1.h */ = {isa = PBXFileReference; fileEncoding = 4; lastKnownFileType = sourcecode.c.h; path = iom64m1.h; sourceTree = "<group>"; };
		730DC6381645765300D58056 /* iom8.h */ = {isa = PBXFileReference; fileEncoding = 4; lastKnownFileType = sourcecode.c.h; path = iom8.h; sourceTree = "<group>"; };
		730DC6391645765300D58056 /* iom8515.h */ = {isa = PBXFileReference; fileEncoding = 4; lastKnownFileType = sourcecode.c.h; path = iom8515.h; sourceTree = "<group>"; };
		730DC63A1645765300D58056 /* iom8535.h */ = {isa = PBXFileReference; fileEncoding = 4; lastKnownFileType = sourcecode.c.h; path = iom8535.h; sourceTree = "<group>"; };
		730DC63B1645765300D58056 /* iom88.h */ = {isa = PBXFileReference; fileEncoding = 4; lastKnownFileType = sourcecode.c.h; path = iom88.h; sourceTree = "<group>"; };
		730DC63C1645765300D58056 /* iom88p.h */ = {isa = PBXFileReference; fileEncoding = 4; lastKnownFileType = sourcecode.c.h; path = iom88p.h; sourceTree = "<group>"; };
		730DC63D1645765300D58056 /* iom88pa.h */ = {isa = PBXFileReference; fileEncoding = 4; lastKnownFileType = sourcecode.c.h; path = iom88pa.h; sourceTree = "<group>"; };
		730DC63E1645765300D58056 /* iom8hva.h */ = {isa = PBXFileReference; fileEncoding = 4; lastKnownFileType = sourcecode.c.h; path = iom8hva.h; sourceTree = "<group>"; };
		730DC63F1645765300D58056 /* iom8u2.h */ = {isa = PBXFileReference; fileEncoding = 4; lastKnownFileType = sourcecode.c.h; path = iom8u2.h; sourceTree = "<group>"; };
		730DC6401645765300D58056 /* iomx8.h */ = {isa = PBXFileReference; fileEncoding = 4; lastKnownFileType = sourcecode.c.h; path = iomx8.h; sourceTree = "<group>"; };
		730DC6411645765300D58056 /* iomxx0_1.h */ = {isa = PBXFileReference; fileEncoding = 4; lastKnownFileType = sourcecode.c.h; path = iomxx0_1.h; sourceTree = "<group>"; };
		730DC6421645765300D58056 /* iomxx4.h */ = {isa = PBXFileReference; fileEncoding = 4; lastKnownFileType = sourcecode.c.h; path = iomxx4.h; sourceTree = "<group>"; };
		730DC6431645765300D58056 /* iomxxhva.h */ = {isa = PBXFileReference; fileEncoding = 4; lastKnownFileType = sourcecode.c.h; path = iomxxhva.h; sourceTree = "<group>"; };
		730DC6441645765300D58056 /* iotn10.h */ = {isa = PBXFileReference; fileEncoding = 4; lastKnownFileType = sourcecode.c.h; path = iotn10.h; sourceTree = "<group>"; };
		730DC6451645765300D58056 /* iotn11.h */ = {isa = PBXFileReference; fileEncoding = 4; lastKnownFileType = sourcecode.c.h; path = iotn11.h; sourceTree = "<group>"; };
		730DC6461645765300D58056 /* iotn12.h */ = {isa = PBXFileReference; fileEncoding = 4; lastKnownFileType = sourcecode.c.h; path = iotn12.h; sourceTree = "<group>"; };
		730DC6471645765300D58056 /* iotn13.h */ = {isa = PBXFileReference; fileEncoding = 4; lastKnownFileType = sourcecode.c.h; path = iotn13.h; sourceTree = "<group>"; };
		730DC6481645765300D58056 /* iotn13a.h */ = {isa = PBXFileReference; fileEncoding = 4; lastKnownFileType = sourcecode.c.h; path = iotn13a.h; sourceTree = "<group>"; };
		730DC6491645765300D58056 /* iotn15.h */ = {isa = PBXFileReference; fileEncoding = 4; lastKnownFileType = sourcecode.c.h; path = iotn15.h; sourceTree = "<group>"; };
		730DC64A1645765300D58056 /* iotn167.h */ = {isa = PBXFileReference; fileEncoding = 4; lastKnownFileType = sourcecode.c.h; path = iotn167.h; sourceTree = "<group>"; };
		730DC64B1645765300D58056 /* iotn20.h */ = {isa = PBXFileReference; fileEncoding = 4; lastKnownFileType = sourcecode.c.h; path = iotn20.h; sourceTree = "<group>"; };
		730DC64C1645765300D58056 /* iotn22.h */ = {isa = PBXFileReference; fileEncoding = 4; lastKnownFileType = sourcecode.c.h; path = iotn22.h; sourceTree = "<group>"; };
		730DC64D1645765300D58056 /* iotn2313.h */ = {isa = PBXFileReference; fileEncoding = 4; lastKnownFileType = sourcecode.c.h; path = iotn2313.h; sourceTree = "<group>"; };
		730DC64E1645765300D58056 /* iotn2313a.h */ = {isa = PBXFileReference; fileEncoding = 4; lastKnownFileType = sourcecode.c.h; path = iotn2313a.h; sourceTree = "<group>"; };
		730DC64F1645765300D58056 /* iotn24.h */ = {isa = PBXFileReference; fileEncoding = 4; lastKnownFileType = sourcecode.c.h; path = iotn24.h; sourceTree = "<group>"; };
		730DC6501645765300D58056 /* iotn24a.h */ = {isa = PBXFileReference; fileEncoding = 4; lastKnownFileType = sourcecode.c.h; path = iotn24a.h; sourceTree = "<group>"; };
		730DC6511645765300D58056 /* iotn25.h */ = {isa = PBXFileReference; fileEncoding = 4; lastKnownFileType = sourcecode.c.h; path = iotn25.h; sourceTree = "<group>"; };
		730DC6521645765300D58056 /* iotn26.h */ = {isa = PBXFileReference; fileEncoding = 4; lastKnownFileType = sourcecode.c.h; path = iotn26.h; sourceTree = "<group>"; };
		730DC6531645765300D58056 /* iotn261.h */ = {isa = PBXFileReference; fileEncoding = 4; lastKnownFileType = sourcecode.c.h; path = iotn261.h; sourceTree = "<group>"; };
		730DC6541645765300D58056 /* iotn261a.h */ = {isa = PBXFileReference; fileEncoding = 4; lastKnownFileType = sourcecode.c.h; path = iotn261a.h; sourceTree = "<group>"; };
		730DC6551645765300D58056 /* iotn28.h */ = {isa = PBXFileReference; fileEncoding = 4; lastKnownFileType = sourcecode.c.h; path = iotn28.h; sourceTree = "<group>"; };
		730DC6561645765300D58056 /* iotn4.h */ = {isa = PBXFileReference; fileEncoding = 4; lastKnownFileType = sourcecode.c.h; path = iotn4.h; sourceTree = "<group>"; };
		730DC6571645765300D58056 /* iotn40.h */ = {isa = PBXFileReference; fileEncoding = 4; lastKnownFileType = sourcecode.c.h; path = iotn40.h; sourceTree = "<group>"; };
		730DC6581645765300D58056 /* iotn4313.h */ = {isa = PBXFileReference; fileEncoding = 4; lastKnownFileType = sourcecode.c.h; path = iotn4313.h; sourceTree = "<group>"; };
		730DC6591645765300D58056 /* iotn43u.h */ = {isa = PBXFileReference; fileEncoding = 4; lastKnownFileType = sourcecode.c.h; path = iotn43u.h; sourceTree = "<group>"; };
		730DC65A1645765300D58056 /* iotn44.h */ = {isa = PBXFileReference; fileEncoding = 4; lastKnownFileType = sourcecode.c.h; path = iotn44.h; sourceTree = "<group>"; };
		730DC65B1645765300D58056 /* iotn44a.h */ = {isa = PBXFileReference; fileEncoding = 4; lastKnownFileType = sourcecode.c.h; path = iotn44a.h; sourceTree = "<group>"; };
		730DC65C1645765300D58056 /* iotn45.h */ = {isa = PBXFileReference; fileEncoding = 4; lastKnownFileType = sourcecode.c.h; path = iotn45.h; sourceTree = "<group>"; };
		730DC65D1645765300D58056 /* iotn461.h */ = {isa = PBXFileReference; fileEncoding = 4; lastKnownFileType = sourcecode.c.h; path = iotn461.h; sourceTree = "<group>"; };
		730DC65E1645765300D58056 /* iotn461a.h */ = {isa = PBXFileReference; fileEncoding = 4; lastKnownFileType = sourcecode.c.h; path = iotn461a.h; sourceTree = "<group>"; };
		730DC65F1645765300D58056 /* iotn48.h */ = {isa = PBXFileReference; fileEncoding = 4; lastKnownFileType = sourcecode.c.h; path = iotn48.h; sourceTree = "<group>"; };
		730DC6601645765300D58056 /* iotn5.h */ = {isa = PBXFileReference; fileEncoding = 4; lastKnownFileType = sourcecode.c.h; path = iotn5.h; sourceTree = "<group>"; };
		730DC6611645765300D58056 /* iotn84.h */ = {isa = PBXFileReference; fileEncoding = 4; lastKnownFileType = sourcecode.c.h; path = iotn84.h; sourceTree = "<group>"; };
		730DC6621645765300D58056 /* iotn84a.h */ = {isa = PBXFileReference; fileEncoding = 4; lastKnownFileType = sourcecode.c.h; path = iotn84a.h; sourceTree = "<group>"; };
		730DC6631645765300D58056 /* iotn85.h */ = {isa = PBXFileReference; fileEncoding = 4; lastKnownFileType = sourcecode.c.h; path = iotn85.h; sourceTree = "<group>"; };
		730DC6641645765300D58056 /* iotn861.h */ = {isa = PBXFileReference; fileEncoding = 4; lastKnownFileType = sourcecode.c.h; path = iotn861.h; sourceTree = "<group>"; };
		730DC6651645765300D58056 /* iotn861a.h */ = {isa = PBXFileReference; fileEncoding = 4; lastKnownFileType = sourcecode.c.h; path = iotn861a.h; sourceTree = "<group>"; };
		730DC6661645765300D58056 /* iotn87.h */ = {isa = PBXFileReference; fileEncoding = 4; lastKnownFileType = sourcecode.c.h; path = iotn87.h; sourceTree = "<group>"; };
		730DC6671645765300D58056 /* iotn88.h */ = {isa = PBXFileReference; fileEncoding = 4; lastKnownFileType = sourcecode.c.h; path = iotn88.h; sourceTree = "<group>"; };
		730DC6681645765300D58056 /* iotn9.h */ = {isa = PBXFileReference; fileEncoding = 4; lastKnownFileType = sourcecode.c.h; path = iotn9.h; sourceTree = "<group>"; };
		730DC6691645765300D58056 /* iotnx4.h */ = {isa = PBXFileReference; fileEncoding = 4; lastKnownFileType = sourcecode.c.h; path = iotnx4.h; sourceTree = "<group>"; };
		730DC66A1645765300D58056 /* iotnx5.h */ = {isa = PBXFileReference; fileEncoding = 4; lastKnownFileType = sourcecode.c.h; path = iotnx5.h; sourceTree = "<group>"; };
		730DC66B1645765300D58056 /* iotnx61.h */ = {isa = PBXFileReference; fileEncoding = 4; lastKnownFileType = sourcecode.c.h; path = iotnx61.h; sourceTree = "<group>"; };
		730DC66C1645765300D58056 /* iousb1286.h */ = {isa = PBXFileReference; fileEncoding = 4; lastKnownFileType = sourcecode.c.h; path = iousb1286.h; sourceTree = "<group>"; };
		730DC66D1645765300D58056 /* iousb1287.h */ = {isa = PBXFileReference; fileEncoding = 4; lastKnownFileType = sourcecode.c.h; path = iousb1287.h; sourceTree = "<group>"; };
		730DC66E1645765300D58056 /* iousb162.h */ = {isa = PBXFileReference; fileEncoding = 4; lastKnownFileType = sourcecode.c.h; path = iousb162.h; sourceTree = "<group>"; };
		730DC66F1645765300D58056 /* iousb646.h */ = {isa = PBXFileReference; fileEncoding = 4; lastKnownFileType = sourcecode.c.h; path = iousb646.h; sourceTree = "<group>"; };
		730DC6701645765300D58056 /* iousb647.h */ = {isa = PBXFileReference; fileEncoding = 4; lastKnownFileType = sourcecode.c.h; path = iousb647.h; sourceTree = "<group>"; };
		730DC6711645765300D58056 /* iousb82.h */ = {isa = PBXFileReference; fileEncoding = 4; lastKnownFileType = sourcecode.c.h; path = iousb82.h; sourceTree = "<group>"; };
		730DC6721645765300D58056 /* iousbxx2.h */ = {isa = PBXFileReference; fileEncoding = 4; lastKnownFileType = sourcecode.c.h; path = iousbxx2.h; sourceTree = "<group>"; };
		730DC6731645765300D58056 /* iousbxx6_7.h */ = {isa = PBXFileReference; fileEncoding = 4; lastKnownFileType = sourcecode.c.h; path = iousbxx6_7.h; sourceTree = "<group>"; };
		730DC6741645765300D58056 /* iox128a1.h */ = {isa = PBXFileReference; fileEncoding = 4; lastKnownFileType = sourcecode.c.h; path = iox128a1.h; sourceTree = "<group>"; };
		730DC6751645765300D58056 /* iox128a1u.h */ = {isa = PBXFileReference; fileEncoding = 4; lastKnownFileType = sourcecode.c.h; path = iox128a1u.h; sourceTree = "<group>"; };
		730DC6761645765300D58056 /* iox128a3.h */ = {isa = PBXFileReference; fileEncoding = 4; lastKnownFileType = sourcecode.c.h; path = iox128a3.h; sourceTree = "<group>"; };
		730DC6771645765300D58056 /* iox128d3.h */ = {isa = PBXFileReference; fileEncoding = 4; lastKnownFileType = sourcecode.c.h; path = iox128d3.h; sourceTree = "<group>"; };
		730DC6781645765300D58056 /* iox16a4.h */ = {isa = PBXFileReference; fileEncoding = 4; lastKnownFileType = sourcecode.c.h; path = iox16a4.h; sourceTree = "<group>"; };
		730DC6791645765300D58056 /* iox16d4.h */ = {isa = PBXFileReference; fileEncoding = 4; lastKnownFileType = sourcecode.c.h; path = iox16d4.h; sourceTree = "<group>"; };
		730DC67A1645765300D58056 /* iox192a3.h */ = {isa = PBXFileReference; fileEncoding = 4; lastKnownFileType = sourcecode.c.h; path = iox192a3.h; sourceTree = "<group>"; };
		730DC67B1645765300D58056 /* iox192d3.h */ = {isa = PBXFileReference; fileEncoding = 4; lastKnownFileType = sourcecode.c.h; path = iox192d3.h; sourceTree = "<group>"; };
		730DC67C1645765300D58056 /* iox256a3.h */ = {isa = PBXFileReference; fileEncoding = 4; lastKnownFileType = sourcecode.c.h; path = iox256a3.h; sourceTree = "<group>"; };
		730DC67D1645765300D58056 /* iox256a3b.h */ = {isa = PBXFileReference; fileEncoding = 4; lastKnownFileType = sourcecode.c.h; path = iox256a3b.h; sourceTree = "<group>"; };
		730DC67E1645765300D58056 /* iox256d3.h */ = {isa = PBXFileReference; fileEncoding = 4; lastKnownFileType = sourcecode.c.h; path = iox256d3.h; sourceTree = "<group>"; };
		730DC67F1645765300D58056 /* iox32a4.h */ = {isa = PBXFileReference; fileEncoding = 4; lastKnownFileType = sourcecode.c.h; path = iox32a4.h; sourceTree = "<group>"; };
		730DC6801645765300D58056 /* iox32d4.h */ = {isa = PBXFileReference; fileEncoding = 4; lastKnownFileType = sourcecode.c.h; path = iox32d4.h; sourceTree = "<group>"; };
		730DC6811645765300D58056 /* iox64a1.h */ = {isa = PBXFileReference; fileEncoding = 4; lastKnownFileType = sourcecode.c.h; path = iox64a1.h; sourceTree = "<group>"; };
		730DC6821645765300D58056 /* iox64a1u.h */ = {isa = PBXFileReference; fileEncoding = 4; lastKnownFileType = sourcecode.c.h; path = iox64a1u.h; sourceTree = "<group>"; };
		730DC6831645765300D58056 /* iox64a3.h */ = {isa = PBXFileReference; fileEncoding = 4; lastKnownFileType = sourcecode.c.h; path = iox64a3.h; sourceTree = "<group>"; };
		730DC6841645765300D58056 /* iox64d3.h */ = {isa = PBXFileReference; fileEncoding = 4; lastKnownFileType = sourcecode.c.h; path = iox64d3.h; sourceTree = "<group>"; };
		730DC6851645765300D58056 /* lock.h */ = {isa = PBXFileReference; fileEncoding = 4; lastKnownFileType = sourcecode.c.h; path = lock.h; sourceTree = "<group>"; };
		730DC6861645765300D58056 /* parity.h */ = {isa = PBXFileReference; fileEncoding = 4; lastKnownFileType = sourcecode.c.h; path = parity.h; sourceTree = "<group>"; };
		730DC6871645765300D58056 /* pgmspace.h */ = {isa = PBXFileReference; fileEncoding = 4; lastKnownFileType = sourcecode.c.h; path = pgmspace.h; sourceTree = "<group>"; };
		730DC6881645765300D58056 /* portpins.h */ = {isa = PBXFileReference; fileEncoding = 4; lastKnownFileType = sourcecode.c.h; path = portpins.h; sourceTree = "<group>"; };
		730DC6891645765300D58056 /* power.h */ = {isa = PBXFileReference; fileEncoding = 4; lastKnownFileType = sourcecode.c.h; path = power.h; sourceTree = "<group>"; };
		730DC68A1645765300D58056 /* sfr_defs.h */ = {isa = PBXFileReference; fileEncoding = 4; lastKnownFileType = sourcecode.c.h; path = sfr_defs.h; sourceTree = "<group>"; };
		730DC68B1645765300D58056 /* signal.h */ = {isa = PBXFileReference; fileEncoding = 4; lastKnownFileType = sourcecode.c.h; path = signal.h; sourceTree = "<group>"; };
		730DC68C1645765300D58056 /* signature.h */ = {isa = PBXFileReference; fileEncoding = 4; lastKnownFileType = sourcecode.c.h; path = signature.h; sourceTree = "<group>"; };
		730DC68D1645765300D58056 /* sleep.h */ = {isa = PBXFileReference; fileEncoding = 4; lastKnownFileType = sourcecode.c.h; path = sleep.h; sourceTree = "<group>"; };
		730DC68E1645765300D58056 /* version.h */ = {isa = PBXFileReference; fileEncoding = 4; lastKnownFileType = sourcecode.c.h; path = version.h; sourceTree = "<group>"; };
		730DC68F1645765300D58056 /* wdt.h */ = {isa = PBXFileReference; fileEncoding = 4; lastKnownFileType = sourcecode.c.h; path = wdt.h; sourceTree = "<group>"; };
		730DC6911645765300D58056 /* deprecated.h */ = {isa = PBXFileReference; fileEncoding = 4; lastKnownFileType = sourcecode.c.h; path = deprecated.h; sourceTree = "<group>"; };
		730DC6921645765300D58056 /* ina90.h */ = {isa = PBXFileReference; fileEncoding = 4; lastKnownFileType = sourcecode.c.h; path = ina90.h; sourceTree = "<group>"; };
		730DC6931645765300D58056 /* twi.h */ = {isa = PBXFileReference; fileEncoding = 4; lastKnownFileType = sourcecode.c.h; path = twi.h; sourceTree = "<group>"; };
		730DC6941645765300D58056 /* ctype.h */ = {isa = PBXFileReference; fileEncoding = 4; lastKnownFileType = sourcecode.c.h; path = ctype.h; sourceTree = "<group>"; };
		730DC6951645765300D58056 /* errno.h */ = {isa = PBXFileReference; fileEncoding = 4; lastKnownFileType = sourcecode.c.h; path = errno.h; sourceTree = "<group>"; };
		730DC6961645765300D58056 /* inttypes.h */ = {isa = PBXFileReference; fileEncoding = 4; lastKnownFileType = sourcecode.c.h; path = inttypes.h; sourceTree = "<group>"; };
		730DC6971645765300D58056 /* math.h */ = {isa = PBXFileReference; fileEncoding = 4; lastKnownFileType = sourcecode.c.h; path = math.h; sourceTree = "<group>"; };
		730DC6991645765300D58056 /* 3pi.h */ = {isa = PBXFileReference; fileEncoding = 4; lastKnownFileType = sourcecode.c.h; path = 3pi.h; sourceTree = "<group>"; };
		730DC69A1645765300D58056 /* analog.h */ = {isa = PBXFileReference; fileEncoding = 4; lastKnownFileType = sourcecode.c.h; path = analog.h; sourceTree = "<group>"; };
		730DC69B1645765300D58056 /* buzzer.h */ = {isa = PBXFileReference; fileEncoding = 4; lastKnownFileType = sourcecode.c.h; path = buzzer.h; sourceTree = "<group>"; };
		730DC69C1645765300D58056 /* digital.h */ = {isa = PBXFileReference; fileEncoding = 4; lastKnownFileType = sourcecode.c.h; path = digital.h; sourceTree = "<group>"; };
		730DC69D1645765300D58056 /* encoders.h */ = {isa = PBXFileReference; fileEncoding = 4; lastKnownFileType = sourcecode.c.h; path = encoders.h; sourceTree = "<group>"; };
		730DC69E1645765300D58056 /* lcd.h */ = {isa = PBXFileReference; fileEncoding = 4; lastKnownFileType = sourcecode.c.h; path = lcd.h; sourceTree = "<group>"; };
		730DC69F1645765300D58056 /* leds.h */ = {isa = PBXFileReference; fileEncoding = 4; lastKnownFileType = sourcecode.c.h; path = leds.h; sourceTree = "<group>"; };
		730DC6A01645765300D58056 /* motors.h */ = {isa = PBXFileReference; fileEncoding = 4; lastKnownFileType = sourcecode.c.h; path = motors.h; sourceTree = "<group>"; };
		730DC6A11645765300D58056 /* orangutan */ = {isa = PBXFileReference; fileEncoding = 4; lastKnownFileType = text; path = orangutan; sourceTree = "<group>"; };
		730DC6A21645765300D58056 /* orangutan.h */ = {isa = PBXFileReference; fileEncoding = 4; lastKnownFileType = sourcecode.c.h; path = orangutan.h; sourceTree = "<group>"; };
		730DC6A41645765300D58056 /* OrangutanAnalog.h */ = {isa = PBXFileReference; fileEncoding = 4; lastKnownFileType = sourcecode.c.h; path = OrangutanAnalog.h; sourceTree = "<group>"; };
		730DC6A51645765300D58056 /* OrangutanAnalog.h */ = {isa = PBXFileReference; fileEncoding = 4; lastKnownFileType = sourcecode.c.h; path = OrangutanAnalog.h; sourceTree = "<group>"; };
		730DC6A71645765300D58056 /* OrangutanBuzzer.h */ = {isa = PBXFileReference; fileEncoding = 4; lastKnownFileType = sourcecode.c.h; path = OrangutanBuzzer.h; sourceTree = "<group>"; };
		730DC6A81645765300D58056 /* OrangutanBuzzer.h */ = {isa = PBXFileReference; fileEncoding = 4; lastKnownFileType = sourcecode.c.h; path = OrangutanBuzzer.h; sourceTree = "<group>"; };
		730DC6AA1645765300D58056 /* OrangutanDigital.h */ = {isa = PBXFileReference; fileEncoding = 4; lastKnownFileType = sourcecode.c.h; path = OrangutanDigital.h; sourceTree = "<group>"; };
		730DC6AB1645765300D58056 /* OrangutanDigital.h */ = {isa = PBXFileReference; fileEncoding = 4; lastKnownFileType = sourcecode.c.h; path = OrangutanDigital.h; sourceTree = "<group>"; };
		730DC6AD1645765300D58056 /* OrangutanLCD.h */ = {isa = PBXFileReference; fileEncoding = 4; lastKnownFileType = sourcecode.c.h; path = OrangutanLCD.h; sourceTree = "<group>"; };
		730DC6AE1645765300D58056 /* OrangutanLCD.h */ = {isa = PBXFileReference; fileEncoding = 4; lastKnownFileType = sourcecode.c.h; path = OrangutanLCD.h; sourceTree = "<group>"; };
		730DC6B01645765300D58056 /* OrangutanLEDs.h */ = {isa = PBXFileReference; fileEncoding = 4; lastKnownFileType = sourcecode.c.h; path = OrangutanLEDs.h; sourceTree = "<group>"; };
		730DC6B11645765300D58056 /* OrangutanLEDs.h */ = {isa = PBXFileReference; fileEncoding = 4; lastKnownFileType = sourcecode.c.h; path = OrangutanLEDs.h; sourceTree = "<group>"; };
		730DC6B31645765300D58056 /* OrangutanMotors.h */ = {isa = PBXFileReference; fileEncoding = 4; lastKnownFileType = sourcecode.c.h; path = OrangutanMotors.h; sourceTree = "<group>"; };
		730DC6B41645765300D58056 /* OrangutanMotors.h */ = {isa = PBXFileReference; fileEncoding = 4; lastKnownFileType = sourcecode.c.h; path = OrangutanMotors.h; sourceTree = "<group>"; };
		730DC6B61645765300D58056 /* OrangutanPulseIn.h */ = {isa = PBXFileReference; fileEncoding = 4; lastKnownFileType = sourcecode.c.h; path = OrangutanPulseIn.h; sourceTree = "<group>"; };
		730DC6B71645765300D58056 /* OrangutanPulseIn.h */ = {isa = PBXFileReference; fileEncoding = 4; lastKnownFileType = sourcecode.c.h; path = OrangutanPulseIn.h; sourceTree = "<group>"; };
		730DC6B91645765300D58056 /* OrangutanPushbuttons.h */ = {isa = PBXFileReference; fileEncoding = 4; lastKnownFileType = sourcecode.c.h; path = OrangutanPushbuttons.h; sourceTree = "<group>"; };
		730DC6BA1645765300D58056 /* OrangutanPushbuttons.h */ = {isa = PBXFileReference; fileEncoding = 4; lastKnownFileType = sourcecode.c.h; path = OrangutanPushbuttons.h; sourceTree = "<group>"; };
		730DC6BD1645765300D58056 /* OrangutanModel.h */ = {isa = PBXFileReference; fileEncoding = 4; lastKnownFileType = sourcecode.c.h; path = OrangutanModel.h; sourceTree = "<group>"; };
		730DC6BE1645765300D58056 /* OrangutanResources.h */ = {isa = PBXFileReference; fileEncoding = 4; lastKnownFileType = sourcecode.c.h; path = OrangutanResources.h; sourceTree = "<group>"; };
		730DC6BF1645765300D58056 /* OrangutanResources.h */ = {isa = PBXFileReference; fileEncoding = 4; lastKnownFileType = sourcecode.c.h; path = OrangutanResources.h; sourceTree = "<group>"; };
		730DC6C11645765300D58056 /* OrangutanSerial.h */ = {isa = PBXFileReference; fileEncoding = 4; lastKnownFileType = sourcecode.c.h; path = OrangutanSerial.h; sourceTree = "<group>"; };
		730DC6C21645765300D58056 /* OrangutanSerial.h */ = {isa = PBXFileReference; fileEncoding = 4; lastKnownFileType = sourcecode.c.h; path = OrangutanSerial.h; sourceTree = "<group>"; };
		730DC6C41645765300D58056 /* OrangutanServos.h */ = {isa = PBXFileReference; fileEncoding = 4; lastKnownFileType = sourcecode.c.h; path = OrangutanServos.h; sourceTree = "<group>"; };
		730DC6C51645765300D58056 /* OrangutanServos.h */ = {isa = PBXFileReference; fileEncoding = 4; lastKnownFileType = sourcecode.c.h; path = OrangutanServos.h; sourceTree = "<group>"; };
		730DC6C71645765300D58056 /* OrangutanSPIMaster.h */ = {isa = PBXFileReference; fileEncoding = 4; lastKnownFileType = sourcecode.c.h; path = OrangutanSPIMaster.h; sourceTree = "<group>"; };
		730DC6C91645765300D58056 /* OrangutanSVP.h */ = {isa = PBXFileReference; fileEncoding = 4; lastKnownFileType = sourcecode.c.h; path = OrangutanSVP.h; sourceTree = "<group>"; };
		730DC6CB1645765300D58056 /* OrangutanTime.h */ = {isa = PBXFileReference; fileEncoding = 4; lastKnownFileType = sourcecode.c.h; path = OrangutanTime.h; sourceTree = "<group>"; };
		730DC6CC1645765300D58056 /* OrangutanTime.h */ = {isa = PBXFileReference; fileEncoding = 4; lastKnownFileType = sourcecode.c.h; path = OrangutanTime.h; sourceTree = "<group>"; };
		730DC6CE1645765300D58056 /* OrangutanX2.h */ = {isa = PBXFileReference; fileEncoding = 4; lastKnownFileType = sourcecode.c.h; path = OrangutanX2.h; sourceTree = "<group>"; };
		730DC6D01645765300D58056 /* Pololu3pi.h */ = {isa = PBXFileReference; fileEncoding = 4; lastKnownFileType = sourcecode.c.h; path = Pololu3pi.h; sourceTree = "<group>"; };
		730DC6D11645765300D58056 /* Pololu3pi.h */ = {isa = PBXFileReference; fileEncoding = 4; lastKnownFileType = sourcecode.c.h; path = Pololu3pi.h; sourceTree = "<group>"; };
		730DC6D31645765300D58056 /* PololuQTRSensors.h */ = {isa = PBXFileReference; fileEncoding = 4; lastKnownFileType = sourcecode.c.h; path = PololuQTRSensors.h; sourceTree = "<group>"; };
		730DC6D41645765300D58056 /* PololuQTRSensors.h */ = {isa = PBXFileReference; fileEncoding = 4; lastKnownFileType = sourcecode.c.h; path = PololuQTRSensors.h; sourceTree = "<group>"; };
		730DC6D61645765300D58056 /* PololuWheelEncoders.h */ = {isa = PBXFileReference; fileEncoding = 4; lastKnownFileType = sourcecode.c.h; path = PololuWheelEncoders.h; sourceTree = "<group>"; };
		730DC6D71645765300D58056 /* PololuWheelEncoders.h */ = {isa = PBXFileReference; fileEncoding = 4; lastKnownFileType = sourcecode.c.h; path = PololuWheelEncoders.h; sourceTree = "<group>"; };
		730DC6D81645765300D58056 /* pulsein.h */ = {isa = PBXFileReference; fileEncoding = 4; lastKnownFileType = sourcecode.c.h; path = pulsein.h; sourceTree = "<group>"; };
		730DC6D91645765300D58056 /* pushbuttons.h */ = {isa = PBXFileReference; fileEncoding = 4; lastKnownFileType = sourcecode.c.h; path = pushbuttons.h; sourceTree = "<group>"; };
		730DC6DA1645765300D58056 /* qtr.h */ = {isa = PBXFileReference; fileEncoding = 4; lastKnownFileType = sourcecode.c.h; path = qtr.h; sourceTree = "<group>"; };
		730DC6DB1645765300D58056 /* resources.h */ = {isa = PBXFileReference; fileEncoding = 4; lastKnownFileType = sourcecode.c.h; path = resources.h; sourceTree = "<group>"; };
		730DC6DC1645765300D58056 /* serial.h */ = {isa = PBXFileReference; fileEncoding = 4; lastKnownFileType = sourcecode.c.h; path = serial.h; sourceTree = "<group>"; };
		730DC6DD1645765300D58056 /* servos.h */ = {isa = PBXFileReference; fileEncoding = 4; lastKnownFileType = sourcecode.c.h; path = servos.h; sourceTree = "<group>"; };
		730DC6DE1645765300D58056 /* time.h */ = {isa = PBXFileReference; fileEncoding = 4; lastKnownFileType = sourcecode.c.h; path = time.h; sourceTree = "<group>"; };
		730DC6DF1645765300D58056 /* workaround.h */ = {isa = PBXFileReference; fileEncoding = 4; lastKnownFileType = sourcecode.c.h; path = workaround.h; sourceTree = "<group>"; };
		730DC6E01645765300D58056 /* setjmp.h */ = {isa = PBXFileReference; fileEncoding = 4; lastKnownFileType = sourcecode.c.h; path = setjmp.h; sourceTree = "<group>"; };
		730DC6E11645765300D58056 /* stdint.h */ = {isa = PBXFileReference; fileEncoding = 4; lastKnownFileType = sourcecode.c.h; path = stdint.h; sourceTree = "<group>"; };
		730DC6E21645765300D58056 /* stdio.h */ = {isa = PBXFileReference; fileEncoding = 4; lastKnownFileType = sourcecode.c.h; path = stdio.h; sourceTree = "<group>"; };
		730DC6E31645765300D58056 /* stdlib.h */ = {isa = PBXFileReference; fileEncoding = 4; lastKnownFileType = sourcecode.c.h; path = stdlib.h; sourceTree = "<group>"; };
		730DC6E41645765300D58056 /* string.h */ = {isa = PBXFileReference; fileEncoding = 4; lastKnownFileType = sourcecode.c.h; path = string.h; sourceTree = "<group>"; };
		730DC6E61645765300D58056 /* atomic.h */ = {isa = PBXFileReference; fileEncoding = 4; lastKnownFileType = sourcecode.c.h; path = atomic.h; sourceTree = "<group>"; };
		730DC6E71645765300D58056 /* crc16.h */ = {isa = PBXFileReference; fileEncoding = 4; lastKnownFileType = sourcecode.c.h; path = crc16.h; sourceTree = "<group>"; };
		730DC6E81645765300D58056 /* delay.h */ = {isa = PBXFileReference; fileEncoding = 4; lastKnownFileType = sourcecode.c.h; path = delay.h; sourceTree = "<group>"; };
		730DC6E91645765300D58056 /* delay_basic.h */ = {isa = PBXFileReference; fileEncoding = 4; lastKnownFileType = sourcecode.c.h; path = delay_basic.h; sourceTree = "<group>"; };
		730DC6EA1645765300D58056 /* parity.h */ = {isa = PBXFileReference; fileEncoding = 4; lastKnownFileType = sourcecode.c.h; path = parity.h; sourceTree = "<group>"; };
		730DC6EB1645765300D58056 /* setbaud.h */ = {isa = PBXFileReference; fileEncoding = 4; lastKnownFileType = sourcecode.c.h; path = setbaud.h; sourceTree = "<group>"; };
		730DC6EC1645765300D58056 /* twi.h */ = {isa = PBXFileReference; fileEncoding = 4; lastKnownFileType = sourcecode.c.h; path = twi.h; sourceTree = "<group>"; };
		730DC6ED16457B5700D58056 /* robot-wrapper.cpp */ = {isa = PBXFileReference; fileEncoding = 4; lastKnownFileType = sourcecode.cpp.cpp; path = "robot-wrapper.cpp"; sourceTree = "<group>"; };
		730DC6EE16457B5800D58056 /* robot-wrapper.h */ = {isa = PBXFileReference; fileEncoding = 4; lastKnownFileType = sourcecode.c.h; path = "robot-wrapper.h"; sourceTree = "<group>"; };
/* End PBXFileReference section */

/* Begin PBXGroup section */
		730DC5AD1644DE9500D58056 = {
			isa = PBXGroup;
			children = (
				730DC5D01645765300D58056 /* include */,
				730DC6ED16457B5700D58056 /* robot-wrapper.cpp */,
				730DC6EE16457B5800D58056 /* robot-wrapper.h */,
				730DC5BA1644DEDB00D58056 /* bargraph.c */,
				730DC5BB1644DEDB00D58056 /* bargraph.h */,
				730DC5BC1644DEDB00D58056 /* follow-segment.c */,
				730DC5BD1644DEDB00D58056 /* follow-segment.h */,
				730DC5BE1644DEDB00D58056 /* main.c */,
				730DC5BF1644DEDB00D58056 /* Makefile */,
				730DC5C01644DEDB00D58056 /* maze-solve.c */,
				730DC5C11644DEDB00D58056 /* maze-solve.h */,
				730DC5C21644DEDB00D58056 /* turn.c */,
				730DC5C31644DEDB00D58056 /* turn.h */,
			);
			sourceTree = "<group>";
		};
		730DC5D01645765300D58056 /* include */ = {
			isa = PBXGroup;
			children = (
				730DC5D11645765300D58056 /* alloca.h */,
				730DC5D21645765300D58056 /* assert.h */,
				730DC5D31645765300D58056 /* avr */,
				730DC6901645765300D58056 /* compat */,
				730DC6941645765300D58056 /* ctype.h */,
				730DC6951645765300D58056 /* errno.h */,
				730DC6961645765300D58056 /* inttypes.h */,
				730DC6971645765300D58056 /* math.h */,
				730DC6981645765300D58056 /* pololu */,
				730DC6E01645765300D58056 /* setjmp.h */,
				730DC6E11645765300D58056 /* stdint.h */,
				730DC6E21645765300D58056 /* stdio.h */,
				730DC6E31645765300D58056 /* stdlib.h */,
				730DC6E41645765300D58056 /* string.h */,
				730DC6E51645765300D58056 /* util */,
			);
			name = include;
			path = "../../../../../usr/local/CrossPack-AVR-20120217/avr/include";
			sourceTree = "<group>";
		};
		730DC5D31645765300D58056 /* avr */ = {
			isa = PBXGroup;
			children = (
				730DC5D41645765300D58056 /* boot.h */,
				730DC5D51645765300D58056 /* builtins.h */,
				730DC5D61645765300D58056 /* common.h */,
				730DC5D71645765300D58056 /* cpufunc.h */,
				730DC5D81645765300D58056 /* crc16.h */,
				730DC5D91645765300D58056 /* delay.h */,
				730DC5DA1645765300D58056 /* eeprom.h */,
				730DC5DB1645765300D58056 /* fuse.h */,
				730DC5DC1645765300D58056 /* interrupt.h */,
				730DC5DD1645765300D58056 /* io.h */,
				730DC5DE1645765300D58056 /* io1200.h */,
				730DC5DF1645765300D58056 /* io2313.h */,
				730DC5E01645765300D58056 /* io2323.h */,
				730DC5E11645765300D58056 /* io2333.h */,
				730DC5E21645765300D58056 /* io2343.h */,
				730DC5E31645765300D58056 /* io43u32x.h */,
				730DC5E41645765300D58056 /* io43u35x.h */,
				730DC5E51645765300D58056 /* io4414.h */,
				730DC5E61645765300D58056 /* io4433.h */,
				730DC5E71645765300D58056 /* io4434.h */,
				730DC5E81645765300D58056 /* io76c711.h */,
				730DC5E91645765300D58056 /* io8515.h */,
				730DC5EA1645765300D58056 /* io8534.h */,
				730DC5EB1645765300D58056 /* io8535.h */,
				730DC5EC1645765300D58056 /* io86r401.h */,
				730DC5ED1645765300D58056 /* io90pwm1.h */,
				730DC5EE1645765300D58056 /* io90pwm216.h */,
				730DC5EF1645765300D58056 /* io90pwm2b.h */,
				730DC5F01645765300D58056 /* io90pwm316.h */,
				730DC5F11645765300D58056 /* io90pwm3b.h */,
				730DC5F21645765300D58056 /* io90pwm81.h */,
				730DC5F31645765300D58056 /* io90pwmx.h */,
				730DC5F41645765300D58056 /* io90scr100.h */,
				730DC5F51645765300D58056 /* ioa6289.h */,
				730DC5F61645765300D58056 /* ioat94k.h */,
				730DC5F71645765300D58056 /* iocan128.h */,
				730DC5F81645765300D58056 /* iocan32.h */,
				730DC5F91645765300D58056 /* iocan64.h */,
				730DC5FA1645765300D58056 /* iocanxx.h */,
				730DC5FB1645765300D58056 /* iom103.h */,
				730DC5FC1645765300D58056 /* iom128.h */,
				730DC5FD1645765300D58056 /* iom1280.h */,
				730DC5FE1645765300D58056 /* iom1281.h */,
				730DC5FF1645765300D58056 /* iom1284p.h */,
				730DC6001645765300D58056 /* iom128rfa1.h */,
				730DC6011645765300D58056 /* iom16.h */,
				730DC6021645765300D58056 /* iom161.h */,
				730DC6031645765300D58056 /* iom162.h */,
				730DC6041645765300D58056 /* iom163.h */,
				730DC6051645765300D58056 /* iom164.h */,
				730DC6061645765300D58056 /* iom165.h */,
				730DC6071645765300D58056 /* iom165p.h */,
				730DC6081645765300D58056 /* iom168.h */,
				730DC6091645765300D58056 /* iom168p.h */,
				730DC60A1645765300D58056 /* iom169.h */,
				730DC60B1645765300D58056 /* iom169p.h */,
				730DC60C1645765300D58056 /* iom169pa.h */,
				730DC60D1645765300D58056 /* iom16a.h */,
				730DC60E1645765300D58056 /* iom16hva.h */,
				730DC60F1645765300D58056 /* iom16hva2.h */,
				730DC6101645765300D58056 /* iom16hvb.h */,
				730DC6111645765300D58056 /* iom16hvbrevb.h */,
				730DC6121645765300D58056 /* iom16m1.h */,
				730DC6131645765300D58056 /* iom16u2.h */,
				730DC6141645765300D58056 /* iom16u4.h */,
				730DC6151645765300D58056 /* iom2560.h */,
				730DC6161645765300D58056 /* iom2561.h */,
				730DC6171645765300D58056 /* iom3000.h */,
				730DC6181645765300D58056 /* iom32.h */,
				730DC6191645765300D58056 /* iom323.h */,
				730DC61A1645765300D58056 /* iom324.h */,
				730DC61B1645765300D58056 /* iom324pa.h */,
				730DC61C1645765300D58056 /* iom325.h */,
				730DC61D1645765300D58056 /* iom3250.h */,
				730DC61E1645765300D58056 /* iom328p.h */,
				730DC61F1645765300D58056 /* iom329.h */,
				730DC6201645765300D58056 /* iom3290.h */,
				730DC6211645765300D58056 /* iom32c1.h */,
				730DC6221645765300D58056 /* iom32hvb.h */,
				730DC6231645765300D58056 /* iom32hvbrevb.h */,
				730DC6241645765300D58056 /* iom32m1.h */,
				730DC6251645765300D58056 /* iom32u2.h */,
				730DC6261645765300D58056 /* iom32u4.h */,
				730DC6271645765300D58056 /* iom32u6.h */,
				730DC6281645765300D58056 /* iom406.h */,
				730DC6291645765300D58056 /* iom48.h */,
				730DC62A1645765300D58056 /* iom48p.h */,
				730DC62B1645765300D58056 /* iom64.h */,
				730DC62C1645765300D58056 /* iom640.h */,
				730DC62D1645765300D58056 /* iom644.h */,
				730DC62E1645765300D58056 /* iom644p.h */,
				730DC62F1645765300D58056 /* iom644pa.h */,
				730DC6301645765300D58056 /* iom645.h */,
				730DC6311645765300D58056 /* iom6450.h */,
				730DC6321645765300D58056 /* iom649.h */,
				730DC6331645765300D58056 /* iom6490.h */,
				730DC6341645765300D58056 /* iom649p.h */,
				730DC6351645765300D58056 /* iom64c1.h */,
				730DC6361645765300D58056 /* iom64hve.h */,
				730DC6371645765300D58056 /* iom64m1.h */,
				730DC6381645765300D58056 /* iom8.h */,
				730DC6391645765300D58056 /* iom8515.h */,
				730DC63A1645765300D58056 /* iom8535.h */,
				730DC63B1645765300D58056 /* iom88.h */,
				730DC63C1645765300D58056 /* iom88p.h */,
				730DC63D1645765300D58056 /* iom88pa.h */,
				730DC63E1645765300D58056 /* iom8hva.h */,
				730DC63F1645765300D58056 /* iom8u2.h */,
				730DC6401645765300D58056 /* iomx8.h */,
				730DC6411645765300D58056 /* iomxx0_1.h */,
				730DC6421645765300D58056 /* iomxx4.h */,
				730DC6431645765300D58056 /* iomxxhva.h */,
				730DC6441645765300D58056 /* iotn10.h */,
				730DC6451645765300D58056 /* iotn11.h */,
				730DC6461645765300D58056 /* iotn12.h */,
				730DC6471645765300D58056 /* iotn13.h */,
				730DC6481645765300D58056 /* iotn13a.h */,
				730DC6491645765300D58056 /* iotn15.h */,
				730DC64A1645765300D58056 /* iotn167.h */,
				730DC64B1645765300D58056 /* iotn20.h */,
				730DC64C1645765300D58056 /* iotn22.h */,
				730DC64D1645765300D58056 /* iotn2313.h */,
				730DC64E1645765300D58056 /* iotn2313a.h */,
				730DC64F1645765300D58056 /* iotn24.h */,
				730DC6501645765300D58056 /* iotn24a.h */,
				730DC6511645765300D58056 /* iotn25.h */,
				730DC6521645765300D58056 /* iotn26.h */,
				730DC6531645765300D58056 /* iotn261.h */,
				730DC6541645765300D58056 /* iotn261a.h */,
				730DC6551645765300D58056 /* iotn28.h */,
				730DC6561645765300D58056 /* iotn4.h */,
				730DC6571645765300D58056 /* iotn40.h */,
				730DC6581645765300D58056 /* iotn4313.h */,
				730DC6591645765300D58056 /* iotn43u.h */,
				730DC65A1645765300D58056 /* iotn44.h */,
				730DC65B1645765300D58056 /* iotn44a.h */,
				730DC65C1645765300D58056 /* iotn45.h */,
				730DC65D1645765300D58056 /* iotn461.h */,
				730DC65E1645765300D58056 /* iotn461a.h */,
				730DC65F1645765300D58056 /* iotn48.h */,
				730DC6601645765300D58056 /* iotn5.h */,
				730DC6611645765300D58056 /* iotn84.h */,
				730DC6621645765300D58056 /* iotn84a.h */,
				730DC6631645765300D58056 /* iotn85.h */,
				730DC6641645765300D58056 /* iotn861.h */,
				730DC6651645765300D58056 /* iotn861a.h */,
				730DC6661645765300D58056 /* iotn87.h */,
				730DC6671645765300D58056 /* iotn88.h */,
				730DC6681645765300D58056 /* iotn9.h */,
				730DC6691645765300D58056 /* iotnx4.h */,
				730DC66A1645765300D58056 /* iotnx5.h */,
				730DC66B1645765300D58056 /* iotnx61.h */,
				730DC66C1645765300D58056 /* iousb1286.h */,
				730DC66D1645765300D58056 /* iousb1287.h */,
				730DC66E1645765300D58056 /* iousb162.h */,
				730DC66F1645765300D58056 /* iousb646.h */,
				730DC6701645765300D58056 /* iousb647.h */,
				730DC6711645765300D58056 /* iousb82.h */,
				730DC6721645765300D58056 /* iousbxx2.h */,
				730DC6731645765300D58056 /* iousbxx6_7.h */,
				730DC6741645765300D58056 /* iox128a1.h */,
				730DC6751645765300D58056 /* iox128a1u.h */,
				730DC6761645765300D58056 /* iox128a3.h */,
				730DC6771645765300D58056 /* iox128d3.h */,
				730DC6781645765300D58056 /* iox16a4.h */,
				730DC6791645765300D58056 /* iox16d4.h */,
				730DC67A1645765300D58056 /* iox192a3.h */,
				730DC67B1645765300D58056 /* iox192d3.h */,
				730DC67C1645765300D58056 /* iox256a3.h */,
				730DC67D1645765300D58056 /* iox256a3b.h */,
				730DC67E1645765300D58056 /* iox256d3.h */,
				730DC67F1645765300D58056 /* iox32a4.h */,
				730DC6801645765300D58056 /* iox32d4.h */,
				730DC6811645765300D58056 /* iox64a1.h */,
				730DC6821645765300D58056 /* iox64a1u.h */,
				730DC6831645765300D58056 /* iox64a3.h */,
				730DC6841645765300D58056 /* iox64d3.h */,
				730DC6851645765300D58056 /* lock.h */,
				730DC6861645765300D58056 /* parity.h */,
				730DC6871645765300D58056 /* pgmspace.h */,
				730DC6881645765300D58056 /* portpins.h */,
				730DC6891645765300D58056 /* power.h */,
				730DC68A1645765300D58056 /* sfr_defs.h */,
				730DC68B1645765300D58056 /* signal.h */,
				730DC68C1645765300D58056 /* signature.h */,
				730DC68D1645765300D58056 /* sleep.h */,
				730DC68E1645765300D58056 /* version.h */,
				730DC68F1645765300D58056 /* wdt.h */,
			);
			path = avr;
			sourceTree = "<group>";
		};
		730DC6901645765300D58056 /* compat */ = {
			isa = PBXGroup;
			children = (
				730DC6911645765300D58056 /* deprecated.h */,
				730DC6921645765300D58056 /* ina90.h */,
				730DC6931645765300D58056 /* twi.h */,
			);
			path = compat;
			sourceTree = "<group>";
		};
		730DC6981645765300D58056 /* pololu */ = {
			isa = PBXGroup;
			children = (
				730DC6991645765300D58056 /* 3pi.h */,
				730DC69A1645765300D58056 /* analog.h */,
				730DC69B1645765300D58056 /* buzzer.h */,
				730DC69C1645765300D58056 /* digital.h */,
				730DC69D1645765300D58056 /* encoders.h */,
				730DC69E1645765300D58056 /* lcd.h */,
				730DC69F1645765300D58056 /* leds.h */,
				730DC6A01645765300D58056 /* motors.h */,
				730DC6A11645765300D58056 /* orangutan */,
				730DC6A21645765300D58056 /* orangutan.h */,
				730DC6A31645765300D58056 /* OrangutanAnalog */,
				730DC6A51645765300D58056 /* OrangutanAnalog.h */,
				730DC6A61645765300D58056 /* OrangutanBuzzer */,
				730DC6A81645765300D58056 /* OrangutanBuzzer.h */,
				730DC6A91645765300D58056 /* OrangutanDigital */,
				730DC6AB1645765300D58056 /* OrangutanDigital.h */,
				730DC6AC1645765300D58056 /* OrangutanLCD */,
				730DC6AE1645765300D58056 /* OrangutanLCD.h */,
				730DC6AF1645765300D58056 /* OrangutanLEDs */,
				730DC6B11645765300D58056 /* OrangutanLEDs.h */,
				730DC6B21645765300D58056 /* OrangutanMotors */,
				730DC6B41645765300D58056 /* OrangutanMotors.h */,
				730DC6B51645765300D58056 /* OrangutanPulseIn */,
				730DC6B71645765300D58056 /* OrangutanPulseIn.h */,
				730DC6B81645765300D58056 /* OrangutanPushbuttons */,
				730DC6BA1645765300D58056 /* OrangutanPushbuttons.h */,
				730DC6BB1645765300D58056 /* OrangutanResources */,
				730DC6BF1645765300D58056 /* OrangutanResources.h */,
				730DC6C01645765300D58056 /* OrangutanSerial */,
				730DC6C21645765300D58056 /* OrangutanSerial.h */,
				730DC6C31645765300D58056 /* OrangutanServos */,
				730DC6C51645765300D58056 /* OrangutanServos.h */,
				730DC6C61645765300D58056 /* OrangutanSPIMaster */,
				730DC6C81645765300D58056 /* OrangutanSVP */,
				730DC6CA1645765300D58056 /* OrangutanTime */,
				730DC6CC1645765300D58056 /* OrangutanTime.h */,
				730DC6CD1645765300D58056 /* OrangutanX2 */,
				730DC6CF1645765300D58056 /* Pololu3pi */,
				730DC6D11645765300D58056 /* Pololu3pi.h */,
				730DC6D21645765300D58056 /* PololuQTRSensors */,
				730DC6D41645765300D58056 /* PololuQTRSensors.h */,
				730DC6D51645765300D58056 /* PololuWheelEncoders */,
				730DC6D71645765300D58056 /* PololuWheelEncoders.h */,
				730DC6D81645765300D58056 /* pulsein.h */,
				730DC6D91645765300D58056 /* pushbuttons.h */,
				730DC6DA1645765300D58056 /* qtr.h */,
				730DC6DB1645765300D58056 /* resources.h */,
				730DC6DC1645765300D58056 /* serial.h */,
				730DC6DD1645765300D58056 /* servos.h */,
				730DC6DE1645765300D58056 /* time.h */,
				730DC6DF1645765300D58056 /* workaround.h */,
			);
			path = pololu;
			sourceTree = "<group>";
		};
		730DC6A31645765300D58056 /* OrangutanAnalog */ = {
			isa = PBXGroup;
			children = (
				730DC6A41645765300D58056 /* OrangutanAnalog.h */,
			);
			path = OrangutanAnalog;
			sourceTree = "<group>";
		};
		730DC6A61645765300D58056 /* OrangutanBuzzer */ = {
			isa = PBXGroup;
			children = (
				730DC6A71645765300D58056 /* OrangutanBuzzer.h */,
			);
			path = OrangutanBuzzer;
			sourceTree = "<group>";
		};
		730DC6A91645765300D58056 /* OrangutanDigital */ = {
			isa = PBXGroup;
			children = (
				730DC6AA1645765300D58056 /* OrangutanDigital.h */,
			);
			path = OrangutanDigital;
			sourceTree = "<group>";
		};
		730DC6AC1645765300D58056 /* OrangutanLCD */ = {
			isa = PBXGroup;
			children = (
				730DC6AD1645765300D58056 /* OrangutanLCD.h */,
			);
			path = OrangutanLCD;
			sourceTree = "<group>";
		};
		730DC6AF1645765300D58056 /* OrangutanLEDs */ = {
			isa = PBXGroup;
			children = (
				730DC6B01645765300D58056 /* OrangutanLEDs.h */,
			);
			path = OrangutanLEDs;
			sourceTree = "<group>";
		};
		730DC6B21645765300D58056 /* OrangutanMotors */ = {
			isa = PBXGroup;
			children = (
				730DC6B31645765300D58056 /* OrangutanMotors.h */,
			);
			path = OrangutanMotors;
			sourceTree = "<group>";
		};
		730DC6B51645765300D58056 /* OrangutanPulseIn */ = {
			isa = PBXGroup;
			children = (
				730DC6B61645765300D58056 /* OrangutanPulseIn.h */,
			);
			path = OrangutanPulseIn;
			sourceTree = "<group>";
		};
		730DC6B81645765300D58056 /* OrangutanPushbuttons */ = {
			isa = PBXGroup;
			children = (
				730DC6B91645765300D58056 /* OrangutanPushbuttons.h */,
			);
			path = OrangutanPushbuttons;
			sourceTree = "<group>";
		};
		730DC6BB1645765300D58056 /* OrangutanResources */ = {
			isa = PBXGroup;
			children = (
				730DC6BC1645765300D58056 /* include */,
				730DC6BE1645765300D58056 /* OrangutanResources.h */,
			);
			path = OrangutanResources;
			sourceTree = "<group>";
		};
		730DC6BC1645765300D58056 /* include */ = {
			isa = PBXGroup;
			children = (
				730DC6BD1645765300D58056 /* OrangutanModel.h */,
			);
			path = include;
			sourceTree = "<group>";
		};
		730DC6C01645765300D58056 /* OrangutanSerial */ = {
			isa = PBXGroup;
			children = (
				730DC6C11645765300D58056 /* OrangutanSerial.h */,
			);
			path = OrangutanSerial;
			sourceTree = "<group>";
		};
		730DC6C31645765300D58056 /* OrangutanServos */ = {
			isa = PBXGroup;
			children = (
				730DC6C41645765300D58056 /* OrangutanServos.h */,
			);
			path = OrangutanServos;
			sourceTree = "<group>";
		};
		730DC6C61645765300D58056 /* OrangutanSPIMaster */ = {
			isa = PBXGroup;
			children = (
				730DC6C71645765300D58056 /* OrangutanSPIMaster.h */,
			);
			path = OrangutanSPIMaster;
			sourceTree = "<group>";
		};
		730DC6C81645765300D58056 /* OrangutanSVP */ = {
			isa = PBXGroup;
			children = (
				730DC6C91645765300D58056 /* OrangutanSVP.h */,
			);
			path = OrangutanSVP;
			sourceTree = "<group>";
		};
		730DC6CA1645765300D58056 /* OrangutanTime */ = {
			isa = PBXGroup;
			children = (
				730DC6CB1645765300D58056 /* OrangutanTime.h */,
			);
			path = OrangutanTime;
			sourceTree = "<group>";
		};
		730DC6CD1645765300D58056 /* OrangutanX2 */ = {
			isa = PBXGroup;
			children = (
				730DC6CE1645765300D58056 /* OrangutanX2.h */,
			);
			path = OrangutanX2;
			sourceTree = "<group>";
		};
		730DC6CF1645765300D58056 /* Pololu3pi */ = {
			isa = PBXGroup;
			children = (
				730DC6D01645765300D58056 /* Pololu3pi.h */,
			);
			path = Pololu3pi;
			sourceTree = "<group>";
		};
		730DC6D21645765300D58056 /* PololuQTRSensors */ = {
			isa = PBXGroup;
			children = (
				730DC6D31645765300D58056 /* PololuQTRSensors.h */,
			);
			path = PololuQTRSensors;
			sourceTree = "<group>";
		};
		730DC6D51645765300D58056 /* PololuWheelEncoders */ = {
			isa = PBXGroup;
			children = (
				730DC6D61645765300D58056 /* PololuWheelEncoders.h */,
			);
			path = PololuWheelEncoders;
			sourceTree = "<group>";
		};
		730DC6E51645765300D58056 /* util */ = {
			isa = PBXGroup;
			children = (
				730DC6E61645765300D58056 /* atomic.h */,
				730DC6E71645765300D58056 /* crc16.h */,
				730DC6E81645765300D58056 /* delay.h */,
				730DC6E91645765300D58056 /* delay_basic.h */,
				730DC6EA1645765300D58056 /* parity.h */,
				730DC6EB1645765300D58056 /* setbaud.h */,
				730DC6EC1645765300D58056 /* twi.h */,
			);
			path = util;
			sourceTree = "<group>";
		};
/* End PBXGroup section */

/* Begin PBXLegacyTarget section */
		730DC5B41644DE9500D58056 /* Test */ = {
			isa = PBXLegacyTarget;
			buildArgumentsString = "$(ACTION)";
			buildConfigurationList = 730DC5B71644DE9500D58056 /* Build configuration list for PBXLegacyTarget "Test" */;
			buildPhases = (
			);
			buildToolPath = /usr/bin/make;
			dependencies = (
			);
			name = Test;
			passBuildSettingsInEnvironment = 1;
			productName = "Concurso AIE";
		};
/* End PBXLegacyTarget section */

/* Begin PBXProject section */
		730DC5AF1644DE9500D58056 /* Project object */ = {
			isa = PBXProject;
			attributes = {
				LastUpgradeCheck = 0450;
				ORGANIZATIONNAME = "Cristián Arenas Ulloa";
			};
			buildConfigurationList = 730DC5B21644DE9500D58056 /* Build configuration list for PBXProject "Concurso AIE" */;
			compatibilityVersion = "Xcode 3.2";
			developmentRegion = English;
			hasScannedForEncodings = 0;
			knownRegions = (
				en,
			);
			mainGroup = 730DC5AD1644DE9500D58056;
			projectDirPath = "";
			projectRoot = "";
			targets = (
				730DC5B41644DE9500D58056 /* Test */,
			);
		};
/* End PBXProject section */

/* Begin XCBuildConfiguration section */
		730DC5B51644DE9500D58056 /* Debug */ = {
			isa = XCBuildConfiguration;
			buildSettings = {
				ALWAYS_SEARCH_USER_PATHS = NO;
				ARCHS = "$(ARCHS_STANDARD_64_BIT)";
				CLANG_CXX_LANGUAGE_STANDARD = "gnu++0x";
				CLANG_CXX_LIBRARY = "libc++";
				CLANG_WARN_EMPTY_BODY = YES;
				CLANG_WARN__DUPLICATE_METHOD_MATCH = YES;
				COPY_PHASE_STRIP = NO;
				GCC_C_LANGUAGE_STANDARD = gnu99;
				GCC_DYNAMIC_NO_PIC = NO;
				GCC_ENABLE_OBJC_EXCEPTIONS = YES;
				GCC_OPTIMIZATION_LEVEL = 0;
				GCC_PREPROCESSOR_DEFINITIONS = (
					"DEBUG=1",
					"$(inherited)",
				);
				GCC_SYMBOLS_PRIVATE_EXTERN = NO;
				GCC_WARN_64_TO_32_BIT_CONVERSION = YES;
				GCC_WARN_ABOUT_RETURN_TYPE = YES;
				GCC_WARN_UNINITIALIZED_AUTOS = YES;
				GCC_WARN_UNUSED_VARIABLE = YES;
				MACOSX_DEPLOYMENT_TARGET = 10.8;
				ONLY_ACTIVE_ARCH = YES;
				SDKROOT = macosx;
			};
			name = Debug;
		};
		730DC5B61644DE9500D58056 /* Release */ = {
			isa = XCBuildConfiguration;
			buildSettings = {
				ALWAYS_SEARCH_USER_PATHS = NO;
				ARCHS = "$(ARCHS_STANDARD_64_BIT)";
				CLANG_CXX_LANGUAGE_STANDARD = "gnu++0x";
				CLANG_CXX_LIBRARY = "libc++";
				CLANG_WARN_EMPTY_BODY = YES;
				CLANG_WARN__DUPLICATE_METHOD_MATCH = YES;
				COPY_PHASE_STRIP = YES;
				DEBUG_INFORMATION_FORMAT = "dwarf-with-dsym";
				GCC_C_LANGUAGE_STANDARD = gnu99;
				GCC_ENABLE_OBJC_EXCEPTIONS = YES;
				GCC_WARN_64_TO_32_BIT_CONVERSION = YES;
				GCC_WARN_ABOUT_RETURN_TYPE = YES;
				GCC_WARN_UNINITIALIZED_AUTOS = YES;
				GCC_WARN_UNUSED_VARIABLE = YES;
				MACOSX_DEPLOYMENT_TARGET = 10.8;
				SDKROOT = macosx;
			};
			name = Release;
		};
		730DC5B81644DE9500D58056 /* Debug */ = {
			isa = XCBuildConfiguration;
			buildSettings = {
				DEBUGGING_SYMBOLS = YES;
				GCC_GENERATE_DEBUGGING_SYMBOLS = YES;
				GCC_OPTIMIZATION_LEVEL = 0;
				OTHER_CFLAGS = "";
				OTHER_LDFLAGS = "";
				PRODUCT_NAME = "$(TARGET_NAME)";
			};
			name = Debug;
		};
		730DC5B91644DE9500D58056 /* Release */ = {
			isa = XCBuildConfiguration;
			buildSettings = {
				OTHER_CFLAGS = "";
				OTHER_LDFLAGS = "";
				PRODUCT_NAME = "$(TARGET_NAME)";
			};
			name = Release;
		};
/* End XCBuildConfiguration section */

/* Begin XCConfigurationList section */
		730DC5B21644DE9500D58056 /* Build configuration list for PBXProject "Concurso AIE" */ = {
			isa = XCConfigurationList;
			buildConfigurations = (
				730DC5B51644DE9500D58056 /* Debug */,
				730DC5B61644DE9500D58056 /* Release */,
			);
			defaultConfigurationIsVisible = 0;
			defaultConfigurationName = Release;
		};
		730DC5B71644DE9500D58056 /* Build configuration list for PBXLegacyTarget "Test" */ = {
			isa = XCConfigurationList;
			buildConfigurations = (
				730DC5B81644DE9500D58056 /* Debug */,
				730DC5B91644DE9500D58056 /* Release */,
			);
			defaultConfigurationIsVisible = 0;
			defaultConfigurationName = Release;
		};
/* End XCConfigurationList section */
	};
	rootObject = 730DC5AF1644DE9500D58056 /* Project object */;
}
